
Microsoft Visual Studio Solution File, Format Version 12.00
# Visual Studio Version 16
VisualStudioVersion = 16.0.29709.97
MinimumVisualStudioVersion = 10.0.40219.1
Project("{9A19103F-16F7-4668-BE54-9A1E7A4F7556}") = "AppCore", "AppCore\AppCore.csproj", "{CD120496-0295-4E62-828C-A7F9527F1F9C}"
EndProject
Project("{9A19103F-16F7-4668-BE54-9A1E7A4F7556}") = "Infrastructure", "Infrastructure\Infrastructure.csproj", "{1E4D2CE7-9A97-4300-95A9-881E731F3F2B}"
	ProjectSection(ProjectDependencies) = postProject
		{CD120496-0295-4E62-828C-A7F9527F1F9C} = {CD120496-0295-4E62-828C-A7F9527F1F9C}
	EndProjectSection
EndProject
Project("{9A19103F-16F7-4668-BE54-9A1E7A4F7556}") = "WebApiApp", "WebApiApp\WebApiApp.csproj", "{E82B9193-679F-43A2-A722-09A1D186D619}"
	ProjectSection(ProjectDependencies) = postProject
		{CD120496-0295-4E62-828C-A7F9527F1F9C} = {CD120496-0295-4E62-828C-A7F9527F1F9C}
		{1E4D2CE7-9A97-4300-95A9-881E731F3F2B} = {1E4D2CE7-9A97-4300-95A9-881E731F3F2B}
	EndProjectSection
EndProject
Global
	GlobalSection(SolutionConfigurationPlatforms) = preSolution
		Debug|Any CPU = Debug|Any CPU
		Release|Any CPU = Release|Any CPU
	EndGlobalSection
	GlobalSection(ProjectConfigurationPlatforms) = postSolution
		{CD120496-0295-4E62-828C-A7F9527F1F9C}.Debug|Any CPU.ActiveCfg = Debug|Any CPU
		{CD120496-0295-4E62-828C-A7F9527F1F9C}.Debug|Any CPU.Build.0 = Debug|Any CPU
		{CD120496-0295-4E62-828C-A7F9527F1F9C}.Release|Any CPU.ActiveCfg = Release|Any CPU
		{CD120496-0295-4E62-828C-A7F9527F1F9C}.Release|Any CPU.Build.0 = Release|Any CPU
		{1E4D2CE7-9A97-4300-95A9-881E731F3F2B}.Debug|Any CPU.ActiveCfg = Debug|Any CPU
		{1E4D2CE7-9A97-4300-95A9-881E731F3F2B}.Debug|Any CPU.Build.0 = Debug|Any CPU
		{1E4D2CE7-9A97-4300-95A9-881E731F3F2B}.Release|Any CPU.ActiveCfg = Release|Any CPU
		{1E4D2CE7-9A97-4300-95A9-881E731F3F2B}.Release|Any CPU.Build.0 = Release|Any CPU
		{E82B9193-679F-43A2-A722-09A1D186D619}.Debug|Any CPU.ActiveCfg = Debug|Any CPU
		{E82B9193-679F-43A2-A722-09A1D186D619}.Debug|Any CPU.Build.0 = Debug|Any CPU
		{E82B9193-679F-43A2-A722-09A1D186D619}.Release|Any CPU.ActiveCfg = Release|Any CPU
		{E82B9193-679F-43A2-A722-09A1D186D619}.Release|Any CPU.Build.0 = Release|Any CPU
	EndGlobalSection
	GlobalSection(SolutionProperties) = preSolution
		HideSolutionNode = FALSE
	EndGlobalSection
	GlobalSection(ExtensibilityGlobals) = postSolution
		SolutionGuid = {49BBC29B-CFD4-443A-9BA5-C5BA02724FBF}
	EndGlobalSection
EndGlobal
